
Microsoft Visual Studio Solution File, Format Version 12.00
# Visual Studio Version 16
VisualStudioVersion = 16.0.31727.386
MinimumVisualStudioVersion = 10.0.40219.1
Project("{FAE04EC0-301F-11D3-BF4B-00C04F79EFBC}") = "1911065716_NguyenPhuongVy_BigSchool", "1911065716_NguyenPhuongVy_BigSchool\1911065716_NguyenPhuongVy_BigSchool.csproj", "{A0F72FF0-9BF5-4F12-BD87-95BEB1B2F71C}"
EndProject
Global
	GlobalSection(SolutionConfigurationPlatforms) = preSolution
		Debug|Any CPU = Debug|Any CPU
		Release|Any CPU = Release|Any CPU
	EndGlobalSection
	GlobalSection(ProjectConfigurationPlatforms) = postSolution
		{A0F72FF0-9BF5-4F12-BD87-95BEB1B2F71C}.Debug|Any CPU.ActiveCfg = Debug|Any CPU
		{A0F72FF0-9BF5-4F12-BD87-95BEB1B2F71C}.Debug|Any CPU.Build.0 = Debug|Any CPU
		{A0F72FF0-9BF5-4F12-BD87-95BEB1B2F71C}.Release|Any CPU.ActiveCfg = Release|Any CPU
		{A0F72FF0-9BF5-4F12-BD87-95BEB1B2F71C}.Release|Any CPU.Build.0 = Release|Any CPU
	EndGlobalSection
	GlobalSection(SolutionProperties) = preSolution
		HideSolutionNode = FALSE
	EndGlobalSection
	GlobalSection(ExtensibilityGlobals) = postSolution
		SolutionGuid = {820164BE-7255-416B-A136-25D5FFC32924}
	EndGlobalSection
EndGlobal
